
Microsoft Visual Studio Solution File, Format Version 12.00
# Visual Studio Version 17
VisualStudioVersion = 17.9.34728.123
MinimumVisualStudioVersion = 10.0.40219.1
Project("{FAE04EC0-301F-11D3-BF4B-00C04F79EFBC}") = "Talabat.APIs", "Talabat.APIs\Talabat.APIs.csproj", "{500AB4E9-E425-4824-AC4D-CC31E1685C8C}"
EndProject
Project("{FAE04EC0-301F-11D3-BF4B-00C04F79EFBC}") = "Talabat.Core", "Talabat.Core\Talabat.Core.csproj", "{93237C35-2D9B-485C-9848-B8F5303BB3F3}"
EndProject
Project("{FAE04EC0-301F-11D3-BF4B-00C04F79EFBC}") = "Talabat.Repository", "Talabat.Repository\Talabat.Repository.csproj", "{E951086D-09C9-4C03-836F-E813EB2F2939}"
EndProject
Project("{FAE04EC0-301F-11D3-BF4B-00C04F79EFBC}") = "Talabat.Service", "Talabat.Service\Talabat.Service.csproj", "{3234EB2D-57E4-48E5-87AB-AE3C043A9DD8}"
EndProject
Global
	GlobalSection(SolutionConfigurationPlatforms) = preSolution
		Debug|Any CPU = Debug|Any CPU
		Release|Any CPU = Release|Any CPU
	EndGlobalSection
	GlobalSection(ProjectConfigurationPlatforms) = postSolution
		{500AB4E9-E425-4824-AC4D-CC31E1685C8C}.Debug|Any CPU.ActiveCfg = Debug|Any CPU
		{500AB4E9-E425-4824-AC4D-CC31E1685C8C}.Debug|Any CPU.Build.0 = Debug|Any CPU
		{500AB4E9-E425-4824-AC4D-CC31E1685C8C}.Release|Any CPU.ActiveCfg = Release|Any CPU
		{500AB4E9-E425-4824-AC4D-CC31E1685C8C}.Release|Any CPU.Build.0 = Release|Any CPU
		{93237C35-2D9B-485C-9848-B8F5303BB3F3}.Debug|Any CPU.ActiveCfg = Debug|Any CPU
		{93237C35-2D9B-485C-9848-B8F5303BB3F3}.Debug|Any CPU.Build.0 = Debug|Any CPU
		{93237C35-2D9B-485C-9848-B8F5303BB3F3}.Release|Any CPU.ActiveCfg = Release|Any CPU
		{93237C35-2D9B-485C-9848-B8F5303BB3F3}.Release|Any CPU.Build.0 = Release|Any CPU
		{E951086D-09C9-4C03-836F-E813EB2F2939}.Debug|Any CPU.ActiveCfg = Debug|Any CPU
		{E951086D-09C9-4C03-836F-E813EB2F2939}.Debug|Any CPU.Build.0 = Debug|Any CPU
		{E951086D-09C9-4C03-836F-E813EB2F2939}.Release|Any CPU.ActiveCfg = Release|Any CPU
		{E951086D-09C9-4C03-836F-E813EB2F2939}.Release|Any CPU.Build.0 = Release|Any CPU
		{3234EB2D-57E4-48E5-87AB-AE3C043A9DD8}.Debug|Any CPU.ActiveCfg = Debug|Any CPU
		{3234EB2D-57E4-48E5-87AB-AE3C043A9DD8}.Debug|Any CPU.Build.0 = Debug|Any CPU
		{3234EB2D-57E4-48E5-87AB-AE3C043A9DD8}.Release|Any CPU.ActiveCfg = Release|Any CPU
		{3234EB2D-57E4-48E5-87AB-AE3C043A9DD8}.Release|Any CPU.Build.0 = Release|Any CPU
	EndGlobalSection
	GlobalSection(SolutionProperties) = preSolution
		HideSolutionNode = FALSE
	EndGlobalSection
	GlobalSection(ExtensibilityGlobals) = postSolution
		SolutionGuid = {5F3C9541-D5BC-4949-818B-80D64DE6B7D6}
	EndGlobalSection
EndGlobal
